
Microsoft Visual Studio Solution File, Format Version 12.00
# Visual Studio 15
VisualStudioVersion = 15.0.27428.2015
MinimumVisualStudioVersion = 10.0.40219.1
Project("{FAE04EC0-301F-11D3-BF4B-00C04F79EFBC}") = "AI_Learning_Project", "AI_Learning_Project\AI_Learning_Project.csproj", "{B251CA82-CBA0-4CEB-856F-ADFD3DC274FD}"
EndProject
Global
	GlobalSection(SolutionConfigurationPlatforms) = preSolution
		Debug|Any CPU = Debug|Any CPU
		Release|Any CPU = Release|Any CPU
	EndGlobalSection
	GlobalSection(ProjectConfigurationPlatforms) = postSolution
		{B251CA82-CBA0-4CEB-856F-ADFD3DC274FD}.Debug|Any CPU.ActiveCfg = Debug|Any CPU
		{B251CA82-CBA0-4CEB-856F-ADFD3DC274FD}.Debug|Any CPU.Build.0 = Debug|Any CPU
		{B251CA82-CBA0-4CEB-856F-ADFD3DC274FD}.Release|Any CPU.ActiveCfg = Release|Any CPU
		{B251CA82-CBA0-4CEB-856F-ADFD3DC274FD}.Release|Any CPU.Build.0 = Release|Any CPU
	EndGlobalSection
	GlobalSection(SolutionProperties) = preSolution
		HideSolutionNode = FALSE
	EndGlobalSection
	GlobalSection(ExtensibilityGlobals) = postSolution
		SolutionGuid = {CE7328F0-D0CB-4AAC-9799-E331DF34D987}
	EndGlobalSection
EndGlobal
